
Microsoft Visual Studio Solution File, Format Version 12.00
# Visual Studio Version 16
VisualStudioVersion = 16.0.30114.105
MinimumVisualStudioVersion = 10.0.40219.1
Project("{FAE04EC0-301F-11D3-BF4B-00C04F79EFBC}") = "API", "API\API.csproj", "{5F0236BF-7628-450C-8B32-191E3BF61810}"
EndProject
Project("{FAE04EC0-301F-11D3-BF4B-00C04F79EFBC}") = "Application", "Application\Application.csproj", "{068392BE-BFC4-43AC-A342-59AFD984C9BA}"
EndProject
Project("{FAE04EC0-301F-11D3-BF4B-00C04F79EFBC}") = "Persistance", "Persistance\Persistance.csproj", "{4EC90EC4-03DD-4022-AEC9-0D8A82759E22}"
EndProject
Project("{FAE04EC0-301F-11D3-BF4B-00C04F79EFBC}") = "Domain", "Domain\Domain.csproj", "{494424B4-2E67-49F6-BB25-6730D8491302}"
EndProject
Global
	GlobalSection(SolutionConfigurationPlatforms) = preSolution
		Debug|Any CPU = Debug|Any CPU
		Release|Any CPU = Release|Any CPU
	EndGlobalSection
	GlobalSection(SolutionProperties) = preSolution
		HideSolutionNode = FALSE
	EndGlobalSection
	GlobalSection(ProjectConfigurationPlatforms) = postSolution
		{5F0236BF-7628-450C-8B32-191E3BF61810}.Debug|Any CPU.ActiveCfg = Debug|Any CPU
		{5F0236BF-7628-450C-8B32-191E3BF61810}.Debug|Any CPU.Build.0 = Debug|Any CPU
		{5F0236BF-7628-450C-8B32-191E3BF61810}.Release|Any CPU.ActiveCfg = Release|Any CPU
		{5F0236BF-7628-450C-8B32-191E3BF61810}.Release|Any CPU.Build.0 = Release|Any CPU
		{068392BE-BFC4-43AC-A342-59AFD984C9BA}.Debug|Any CPU.ActiveCfg = Debug|Any CPU
		{068392BE-BFC4-43AC-A342-59AFD984C9BA}.Debug|Any CPU.Build.0 = Debug|Any CPU
		{068392BE-BFC4-43AC-A342-59AFD984C9BA}.Release|Any CPU.ActiveCfg = Release|Any CPU
		{068392BE-BFC4-43AC-A342-59AFD984C9BA}.Release|Any CPU.Build.0 = Release|Any CPU
		{4EC90EC4-03DD-4022-AEC9-0D8A82759E22}.Debug|Any CPU.ActiveCfg = Debug|Any CPU
		{4EC90EC4-03DD-4022-AEC9-0D8A82759E22}.Debug|Any CPU.Build.0 = Debug|Any CPU
		{4EC90EC4-03DD-4022-AEC9-0D8A82759E22}.Release|Any CPU.ActiveCfg = Release|Any CPU
		{4EC90EC4-03DD-4022-AEC9-0D8A82759E22}.Release|Any CPU.Build.0 = Release|Any CPU
		{494424B4-2E67-49F6-BB25-6730D8491302}.Debug|Any CPU.ActiveCfg = Debug|Any CPU
		{494424B4-2E67-49F6-BB25-6730D8491302}.Debug|Any CPU.Build.0 = Debug|Any CPU
		{494424B4-2E67-49F6-BB25-6730D8491302}.Release|Any CPU.ActiveCfg = Release|Any CPU
		{494424B4-2E67-49F6-BB25-6730D8491302}.Release|Any CPU.Build.0 = Release|Any CPU
	EndGlobalSection
EndGlobal
